
Microsoft Visual Studio Solution File, Format Version 12.00
# Visual Studio 14
VisualStudioVersion = 14.0.24720.0
MinimumVisualStudioVersion = 10.0.40219.1
Project("{FAE04EC0-301F-11D3-BF4B-00C04F79EFBC}") = "PigLatin", "PigLatin\PigLatin.csproj", "{CB8D6BF2-7DC9-47DA-8BB8-36CA8CEB8484}"
EndProject
Global
	GlobalSection(SolutionConfigurationPlatforms) = preSolution
		Debug|Any CPU = Debug|Any CPU
		Release|Any CPU = Release|Any CPU
	EndGlobalSection
	GlobalSection(ProjectConfigurationPlatforms) = postSolution
		{CB8D6BF2-7DC9-47DA-8BB8-36CA8CEB8484}.Debug|Any CPU.ActiveCfg = Debug|Any CPU
		{CB8D6BF2-7DC9-47DA-8BB8-36CA8CEB8484}.Debug|Any CPU.Build.0 = Debug|Any CPU
		{CB8D6BF2-7DC9-47DA-8BB8-36CA8CEB8484}.Release|Any CPU.ActiveCfg = Release|Any CPU
		{CB8D6BF2-7DC9-47DA-8BB8-36CA8CEB8484}.Release|Any CPU.Build.0 = Release|Any CPU
	EndGlobalSection
	GlobalSection(SolutionProperties) = preSolution
		HideSolutionNode = FALSE
	EndGlobalSection
EndGlobal
